
Microsoft Visual Studio Solution File, Format Version 12.00
# Visual Studio 15
VisualStudioVersion = 15.0.27004.2005
MinimumVisualStudioVersion = 10.0.40219.1
Project("{FAE04EC0-301F-11D3-BF4B-00C04F79EFBC}") = "DEX_Client", "DEX\DEX_Client.csproj", "{107B83D2-1C3A-4B06-9069-DB58A4E04DA3}"
EndProject
Project("{FAE04EC0-301F-11D3-BF4B-00C04F79EFBC}") = "DEX.Tests", "DEX.Tests\DEX.Tests.csproj", "{296F17BF-7709-4F2B-8CFA-5171FCC3AC42}"
EndProject
Project("{FAE04EC0-301F-11D3-BF4B-00C04F79EFBC}") = "DEX_Api", "DEX_Api\DEX_Api.csproj", "{E747496D-C076-4443-94BF-CFCCC535012D}"
EndProject
Project("{FAE04EC0-301F-11D3-BF4B-00C04F79EFBC}") = "Dex_API_2", "Dex_API_2\Dex_API_2.csproj", "{6283902E-AED4-4731-9B2B-626FEC8964A8}"
EndProject
Global
	GlobalSection(SolutionConfigurationPlatforms) = preSolution
		Debug|Any CPU = Debug|Any CPU
		Release|Any CPU = Release|Any CPU
	EndGlobalSection
	GlobalSection(ProjectConfigurationPlatforms) = postSolution
		{107B83D2-1C3A-4B06-9069-DB58A4E04DA3}.Debug|Any CPU.ActiveCfg = Debug|Any CPU
		{107B83D2-1C3A-4B06-9069-DB58A4E04DA3}.Debug|Any CPU.Build.0 = Debug|Any CPU
		{107B83D2-1C3A-4B06-9069-DB58A4E04DA3}.Release|Any CPU.ActiveCfg = Release|Any CPU
		{107B83D2-1C3A-4B06-9069-DB58A4E04DA3}.Release|Any CPU.Build.0 = Release|Any CPU
		{296F17BF-7709-4F2B-8CFA-5171FCC3AC42}.Debug|Any CPU.ActiveCfg = Debug|Any CPU
		{296F17BF-7709-4F2B-8CFA-5171FCC3AC42}.Debug|Any CPU.Build.0 = Debug|Any CPU
		{296F17BF-7709-4F2B-8CFA-5171FCC3AC42}.Release|Any CPU.ActiveCfg = Release|Any CPU
		{296F17BF-7709-4F2B-8CFA-5171FCC3AC42}.Release|Any CPU.Build.0 = Release|Any CPU
		{E747496D-C076-4443-94BF-CFCCC535012D}.Debug|Any CPU.ActiveCfg = Debug|Any CPU
		{E747496D-C076-4443-94BF-CFCCC535012D}.Debug|Any CPU.Build.0 = Debug|Any CPU
		{E747496D-C076-4443-94BF-CFCCC535012D}.Release|Any CPU.ActiveCfg = Release|Any CPU
		{E747496D-C076-4443-94BF-CFCCC535012D}.Release|Any CPU.Build.0 = Release|Any CPU
		{6283902E-AED4-4731-9B2B-626FEC8964A8}.Debug|Any CPU.ActiveCfg = Debug|Any CPU
		{6283902E-AED4-4731-9B2B-626FEC8964A8}.Debug|Any CPU.Build.0 = Debug|Any CPU
		{6283902E-AED4-4731-9B2B-626FEC8964A8}.Release|Any CPU.ActiveCfg = Release|Any CPU
		{6283902E-AED4-4731-9B2B-626FEC8964A8}.Release|Any CPU.Build.0 = Release|Any CPU
	EndGlobalSection
	GlobalSection(SolutionProperties) = preSolution
		HideSolutionNode = FALSE
	EndGlobalSection
	GlobalSection(ExtensibilityGlobals) = postSolution
		SolutionGuid = {29233492-F1D0-443F-B798-96CEDD708523}
	EndGlobalSection
EndGlobal
